# This file is autogenerated, do not edit; changes may be undone by the next 'dep ensure'.


[[projects]]
  branch = "master"
  name = "github.com/syunkitada/go-samples"
  packages = ["pkg/test_example/simple"]
  revision = "4b4bfbd64e230509b6f1fd93b790bac87cc3a65e"

[solve-meta]
  analyzer-name = "dep"
  analyzer-version = 1
  inputs-digest = "843e2526b55bef0f479d1886799b07a077d61bb2c7b2154158a63eccc83d8011"
  solver-name = "gps-cdcl"
  solver-version = 1
